
Microsoft Visual Studio Solution File, Format Version 12.00
# Visual Studio Version 17
VisualStudioVersion = 17.12.35527.113 d17.12
MinimumVisualStudioVersion = 10.0.40219.1
Project("{FAE04EC0-301F-11D3-BF4B-00C04F79EFBC}") = "Apps.Wordbee", "Apps.Wordbee\Apps.Wordbee.csproj", "{EB25604E-8EBA-464E-BEDF-30EA95395AD3}"
EndProject
Project("{FAE04EC0-301F-11D3-BF4B-00C04F79EFBC}") = "Tests.Wordbee", "Tests.Wordbee\Tests.Wordbee.csproj", "{8AA4F4FB-8703-45EA-871C-7E1598D0CC37}"
EndProject
Global
	GlobalSection(SolutionConfigurationPlatforms) = preSolution
		Debug|Any CPU = Debug|Any CPU
		Release|Any CPU = Release|Any CPU
	EndGlobalSection
	GlobalSection(ProjectConfigurationPlatforms) = postSolution
		{EB25604E-8EBA-464E-BEDF-30EA95395AD3}.Debug|Any CPU.ActiveCfg = Debug|Any CPU
		{EB25604E-8EBA-464E-BEDF-30EA95395AD3}.Debug|Any CPU.Build.0 = Debug|Any CPU
		{EB25604E-8EBA-464E-BEDF-30EA95395AD3}.Release|Any CPU.ActiveCfg = Release|Any CPU
		{EB25604E-8EBA-464E-BEDF-30EA95395AD3}.Release|Any CPU.Build.0 = Release|Any CPU
		{8AA4F4FB-8703-45EA-871C-7E1598D0CC37}.Debug|Any CPU.ActiveCfg = Debug|Any CPU
		{8AA4F4FB-8703-45EA-871C-7E1598D0CC37}.Debug|Any CPU.Build.0 = Debug|Any CPU
		{8AA4F4FB-8703-45EA-871C-7E1598D0CC37}.Release|Any CPU.ActiveCfg = Release|Any CPU
		{8AA4F4FB-8703-45EA-871C-7E1598D0CC37}.Release|Any CPU.Build.0 = Release|Any CPU
	EndGlobalSection
	GlobalSection(SolutionProperties) = preSolution
		HideSolutionNode = FALSE
	EndGlobalSection
EndGlobal
